
Microsoft Visual Studio Solution File, Format Version 12.00
# Visual Studio Version 16
VisualStudioVersion = 16.0.29613.14
MinimumVisualStudioVersion = 10.0.40219.1
Project("{9A19103F-16F7-4668-BE54-9A1E7A4F7556}") = "EmoteScript", "EmoteScript\EmoteScript.csproj", "{D698BA7F-9D57-4AB0-8395-75D596EF21E1}"
EndProject
Project("{FAE04EC0-301F-11D3-BF4B-00C04F79EFBC}") = "EmoteScript.Tests", "EmoteScript.Tests\EmoteScript.Tests.csproj", "{492D5F6E-202D-460C-A692-CF8C04029265}"
EndProject
Global
	GlobalSection(SolutionConfigurationPlatforms) = preSolution
		Debug|Any CPU = Debug|Any CPU
		Release|Any CPU = Release|Any CPU
	EndGlobalSection
	GlobalSection(ProjectConfigurationPlatforms) = postSolution
		{D698BA7F-9D57-4AB0-8395-75D596EF21E1}.Debug|Any CPU.ActiveCfg = Debug|Any CPU
		{D698BA7F-9D57-4AB0-8395-75D596EF21E1}.Debug|Any CPU.Build.0 = Debug|Any CPU
		{D698BA7F-9D57-4AB0-8395-75D596EF21E1}.Release|Any CPU.ActiveCfg = Release|Any CPU
		{D698BA7F-9D57-4AB0-8395-75D596EF21E1}.Release|Any CPU.Build.0 = Release|Any CPU
		{492D5F6E-202D-460C-A692-CF8C04029265}.Debug|Any CPU.ActiveCfg = Debug|Any CPU
		{492D5F6E-202D-460C-A692-CF8C04029265}.Debug|Any CPU.Build.0 = Debug|Any CPU
		{492D5F6E-202D-460C-A692-CF8C04029265}.Release|Any CPU.ActiveCfg = Release|Any CPU
		{492D5F6E-202D-460C-A692-CF8C04029265}.Release|Any CPU.Build.0 = Release|Any CPU
	EndGlobalSection
	GlobalSection(SolutionProperties) = preSolution
		HideSolutionNode = FALSE
	EndGlobalSection
	GlobalSection(ExtensibilityGlobals) = postSolution
		SolutionGuid = {310872B2-6C45-4E52-BF3E-0FEB935FB5E6}
	EndGlobalSection
EndGlobal
